
Microsoft Visual Studio Solution File, Format Version 12.00
# Visual Studio 2013
VisualStudioVersion = 12.0.30501.0
MinimumVisualStudioVersion = 10.0.40219.1
Project("{FAE04EC0-301F-11D3-BF4B-00C04F79EFBC}") = "CSharp The Beginning", "CSharp The Beginning\CSharp The Beginning.csproj", "{EDF5F3EE-4425-4183-86EF-FB38FCBA60EB}"
EndProject
Global
	GlobalSection(SolutionConfigurationPlatforms) = preSolution
		Debug|Any CPU = Debug|Any CPU
		Release|Any CPU = Release|Any CPU
	EndGlobalSection
	GlobalSection(ProjectConfigurationPlatforms) = postSolution
		{EDF5F3EE-4425-4183-86EF-FB38FCBA60EB}.Debug|Any CPU.ActiveCfg = Debug|Any CPU
		{EDF5F3EE-4425-4183-86EF-FB38FCBA60EB}.Debug|Any CPU.Build.0 = Debug|Any CPU
		{EDF5F3EE-4425-4183-86EF-FB38FCBA60EB}.Release|Any CPU.ActiveCfg = Release|Any CPU
		{EDF5F3EE-4425-4183-86EF-FB38FCBA60EB}.Release|Any CPU.Build.0 = Release|Any CPU
	EndGlobalSection
	GlobalSection(SolutionProperties) = preSolution
		HideSolutionNode = FALSE
	EndGlobalSection
EndGlobal
